// !$*UTF8*$!
{
	archiveVersion = 1;
	classes = {
	};
	objectVersion = 50;
	objects = {

/* Begin PBXBuildFile section */
		0F37735722BCC1AF002D7700 /* main.swift in Sources */ = {isa = PBXBuildFile; fileRef = 0F37735622BCC1AF002D7700 /* main.swift */; };
		0F37735F22BCC200002D7700 /* Character.swift in Sources */ = {isa = PBXBuildFile; fileRef = 0F37735E22BCC200002D7700 /* Character.swift */; };
		0F37736122BCC23F002D7700 /* Named.swift in Sources */ = {isa = PBXBuildFile; fileRef = 0F37736022BCC23F002D7700 /* Named.swift */; };
		0F37736322BCC28F002D7700 /* Describable.swift in Sources */ = {isa = PBXBuildFile; fileRef = 0F37736222BCC28F002D7700 /* Describable.swift */; };
		0F37736522BCC493002D7700 /* GammaRadiated.swift in Sources */ = {isa = PBXBuildFile; fileRef = 0F37736422BCC493002D7700 /* GammaRadiated.swift */; };
		0F37736822BCC4DC002D7700 /* HumanCharacter.swift in Sources */ = {isa = PBXBuildFile; fileRef = 0F37736722BCC4DC002D7700 /* HumanCharacter.swift */; };
		0F37736A22BCC626002D7700 /* AlienCharacter.swift in Sources */ = {isa = PBXBuildFile; fileRef = 0F37736922BCC626002D7700 /* AlienCharacter.swift */; };
		0F37736C22BCC660002D7700 /* Alien.swift in Sources */ = {isa = PBXBuildFile; fileRef = 0F37736B22BCC660002D7700 /* Alien.swift */; };
		0F37736E22BCC7AD002D7700 /* BeastCharacter.swift in Sources */ = {isa = PBXBuildFile; fileRef = 0F37736D22BCC7AD002D7700 /* BeastCharacter.swift */; };
		0F37737022BCC7F1002D7700 /* Beast.swift in Sources */ = {isa = PBXBuildFile; fileRef = 0F37736F22BCC7F1002D7700 /* Beast.swift */; };
		0F37737222BCCA0F002D7700 /* BasicCharacter.swift in Sources */ = {isa = PBXBuildFile; fileRef = 0F37737122BCCA0F002D7700 /* BasicCharacter.swift */; };
		0F37737422BCCAE0002D7700 /* Human.swift in Sources */ = {isa = PBXBuildFile; fileRef = 0F37737322BCCAE0002D7700 /* Human.swift */; };
		0F37737622BCCE40002D7700 /* HumanRadiatedCharacter.swift in Sources */ = {isa = PBXBuildFile; fileRef = 0F37737522BCCE40002D7700 /* HumanRadiatedCharacter.swift */; };
		0F37737822BCD1D8002D7700 /* Human+AlienCharacter.swift in Sources */ = {isa = PBXBuildFile; fileRef = 0F37737722BCD1D8002D7700 /* Human+AlienCharacter.swift */; };
		0F37737A22BCD6EA002D7700 /* Beast+AlienCharacter.swift in Sources */ = {isa = PBXBuildFile; fileRef = 0F37737922BCD6EA002D7700 /* Beast+AlienCharacter.swift */; };
		0F37737C22BCD810002D7700 /* CharacterConstants.swift in Sources */ = {isa = PBXBuildFile; fileRef = 0F37737B22BCD810002D7700 /* CharacterConstants.swift */; };
/* End PBXBuildFile section */

/* Begin PBXCopyFilesBuildPhase section */
		0F37735122BCC1AF002D7700 /* CopyFiles */ = {
			isa = PBXCopyFilesBuildPhase;
			buildActionMask = 2147483647;
			dstPath = /usr/share/man/man1/;
			dstSubfolderSpec = 0;
			files = (
			);
			runOnlyForDeploymentPostprocessing = 1;
		};
/* End PBXCopyFilesBuildPhase section */

/* Begin PBXFileReference section */
		0F37735322BCC1AF002D7700 /* MarvelOO */ = {isa = PBXFileReference; explicitFileType = "compiled.mach-o.executable"; includeInIndex = 0; path = MarvelOO; sourceTree = BUILT_PRODUCTS_DIR; };
		0F37735622BCC1AF002D7700 /* main.swift */ = {isa = PBXFileReference; lastKnownFileType = sourcecode.swift; path = main.swift; sourceTree = "<group>"; };
		0F37735E22BCC200002D7700 /* Character.swift */ = {isa = PBXFileReference; lastKnownFileType = sourcecode.swift; path = Character.swift; sourceTree = "<group>"; };
		0F37736022BCC23F002D7700 /* Named.swift */ = {isa = PBXFileReference; lastKnownFileType = sourcecode.swift; path = Named.swift; sourceTree = "<group>"; };
		0F37736222BCC28F002D7700 /* Describable.swift */ = {isa = PBXFileReference; lastKnownFileType = sourcecode.swift; path = Describable.swift; sourceTree = "<group>"; };
		0F37736422BCC493002D7700 /* GammaRadiated.swift */ = {isa = PBXFileReference; lastKnownFileType = sourcecode.swift; path = GammaRadiated.swift; sourceTree = "<group>"; };
		0F37736722BCC4DC002D7700 /* HumanCharacter.swift */ = {isa = PBXFileReference; lastKnownFileType = sourcecode.swift; path = HumanCharacter.swift; sourceTree = "<group>"; };
		0F37736922BCC626002D7700 /* AlienCharacter.swift */ = {isa = PBXFileReference; lastKnownFileType = sourcecode.swift; path = AlienCharacter.swift; sourceTree = "<group>"; };
		0F37736B22BCC660002D7700 /* Alien.swift */ = {isa = PBXFileReference; lastKnownFileType = sourcecode.swift; path = Alien.swift; sourceTree = "<group>"; };
		0F37736D22BCC7AD002D7700 /* BeastCharacter.swift */ = {isa = PBXFileReference; lastKnownFileType = sourcecode.swift; path = BeastCharacter.swift; sourceTree = "<group>"; };
		0F37736F22BCC7F1002D7700 /* Beast.swift */ = {isa = PBXFileReference; lastKnownFileType = sourcecode.swift; path = Beast.swift; sourceTree = "<group>"; };
		0F37737122BCCA0F002D7700 /* BasicCharacter.swift */ = {isa = PBXFileReference; lastKnownFileType = sourcecode.swift; path = BasicCharacter.swift; sourceTree = "<group>"; };
		0F37737322BCCAE0002D7700 /* Human.swift */ = {isa = PBXFileReference; lastKnownFileType = sourcecode.swift; path = Human.swift; sourceTree = "<group>"; };
		0F37737522BCCE40002D7700 /* HumanRadiatedCharacter.swift */ = {isa = PBXFileReference; lastKnownFileType = sourcecode.swift; path = HumanRadiatedCharacter.swift; sourceTree = "<group>"; };
		0F37737722BCD1D8002D7700 /* Human+AlienCharacter.swift */ = {isa = PBXFileReference; lastKnownFileType = sourcecode.swift; path = "Human+AlienCharacter.swift"; sourceTree = "<group>"; };
		0F37737922BCD6EA002D7700 /* Beast+AlienCharacter.swift */ = {isa = PBXFileReference; lastKnownFileType = sourcecode.swift; path = "Beast+AlienCharacter.swift"; sourceTree = "<group>"; };
		0F37737B22BCD810002D7700 /* CharacterConstants.swift */ = {isa = PBXFileReference; lastKnownFileType = sourcecode.swift; path = CharacterConstants.swift; sourceTree = "<group>"; };
/* End PBXFileReference section */

/* Begin PBXFrameworksBuildPhase section */
		0F37735022BCC1AF002D7700 /* Frameworks */ = {
			isa = PBXFrameworksBuildPhase;
			buildActionMask = 2147483647;
			files = (
			);
			runOnlyForDeploymentPostprocessing = 0;
		};
/* End PBXFrameworksBuildPhase section */

/* Begin PBXGroup section */
		0F37734A22BCC1AF002D7700 = {
			isa = PBXGroup;
			children = (
				0F37735522BCC1AF002D7700 /* MarvelOO */,
				0F37735422BCC1AF002D7700 /* Products */,
			);
			sourceTree = "<group>";
		};
		0F37735422BCC1AF002D7700 /* Products */ = {
			isa = PBXGroup;
			children = (
				0F37735322BCC1AF002D7700 /* MarvelOO */,
			);
			name = Products;
			sourceTree = "<group>";
		};
		0F37735522BCC1AF002D7700 /* MarvelOO */ = {
			isa = PBXGroup;
			children = (
				0F37736622BCC4CF002D7700 /* Models */,
				0F37735D22BCC1B8002D7700 /* Protocols */,
				0F37735622BCC1AF002D7700 /* main.swift */,
				0F37737B22BCD810002D7700 /* CharacterConstants.swift */,
			);
			path = MarvelOO;
			sourceTree = "<group>";
		};
		0F37735D22BCC1B8002D7700 /* Protocols */ = {
			isa = PBXGroup;
			children = (
				0F37735E22BCC200002D7700 /* Character.swift */,
				0F37736022BCC23F002D7700 /* Named.swift */,
				0F37736222BCC28F002D7700 /* Describable.swift */,
				0F37736422BCC493002D7700 /* GammaRadiated.swift */,
				0F37736B22BCC660002D7700 /* Alien.swift */,
				0F37736F22BCC7F1002D7700 /* Beast.swift */,
				0F37737322BCCAE0002D7700 /* Human.swift */,
			);
			path = Protocols;
			sourceTree = "<group>";
		};
		0F37736622BCC4CF002D7700 /* Models */ = {
			isa = PBXGroup;
			children = (
				0F37736722BCC4DC002D7700 /* HumanCharacter.swift */,
				0F37736922BCC626002D7700 /* AlienCharacter.swift */,
				0F37736D22BCC7AD002D7700 /* BeastCharacter.swift */,
				0F37737122BCCA0F002D7700 /* BasicCharacter.swift */,
				0F37737522BCCE40002D7700 /* HumanRadiatedCharacter.swift */,
				0F37737722BCD1D8002D7700 /* Human+AlienCharacter.swift */,
				0F37737922BCD6EA002D7700 /* Beast+AlienCharacter.swift */,
			);
			path = Models;
			sourceTree = "<group>";
		};
/* End PBXGroup section */

/* Begin PBXNativeTarget section */
		0F37735222BCC1AF002D7700 /* MarvelOO */ = {
			isa = PBXNativeTarget;
			buildConfigurationList = 0F37735A22BCC1AF002D7700 /* Build configuration list for PBXNativeTarget "MarvelOO" */;
			buildPhases = (
				0F37734F22BCC1AF002D7700 /* Sources */,
				0F37735022BCC1AF002D7700 /* Frameworks */,
				0F37735122BCC1AF002D7700 /* CopyFiles */,
			);
			buildRules = (
			);
			dependencies = (
			);
			name = MarvelOO;
			productName = MarvelOO;
			productReference = 0F37735322BCC1AF002D7700 /* MarvelOO */;
			productType = "com.apple.product-type.tool";
		};
/* End PBXNativeTarget section */

/* Begin PBXProject section */
		0F37734B22BCC1AF002D7700 /* Project object */ = {
			isa = PBXProject;
			attributes = {
				LastSwiftUpdateCheck = 1010;
				LastUpgradeCheck = 1010;
				ORGANIZATIONNAME = "PT. GOJEK INDONESIA";
				TargetAttributes = {
					0F37735222BCC1AF002D7700 = {
						CreatedOnToolsVersion = 10.1;
					};
				};
			};
			buildConfigurationList = 0F37734E22BCC1AF002D7700 /* Build configuration list for PBXProject "MarvelOO" */;
			compatibilityVersion = "Xcode 9.3";
			developmentRegion = en;
			hasScannedForEncodings = 0;
			knownRegions = (
				en,
			);
			mainGroup = 0F37734A22BCC1AF002D7700;
			productRefGroup = 0F37735422BCC1AF002D7700 /* Products */;
			projectDirPath = "";
			projectRoot = "";
			targets = (
				0F37735222BCC1AF002D7700 /* MarvelOO */,
			);
		};
/* End PBXProject section */

/* Begin PBXSourcesBuildPhase section */
		0F37734F22BCC1AF002D7700 /* Sources */ = {
			isa = PBXSourcesBuildPhase;
			buildActionMask = 2147483647;
			files = (
				0F37736322BCC28F002D7700 /* Describable.swift in Sources */,
				0F37737822BCD1D8002D7700 /* Human+AlienCharacter.swift in Sources */,
				0F37737A22BCD6EA002D7700 /* Beast+AlienCharacter.swift in Sources */,
				0F37737022BCC7F1002D7700 /* Beast.swift in Sources */,
				0F37736A22BCC626002D7700 /* AlienCharacter.swift in Sources */,
				0F37735722BCC1AF002D7700 /* main.swift in Sources */,
				0F37737622BCCE40002D7700 /* HumanRadiatedCharacter.swift in Sources */,
				0F37736122BCC23F002D7700 /* Named.swift in Sources */,
				0F37737222BCCA0F002D7700 /* BasicCharacter.swift in Sources */,
				0F37736822BCC4DC002D7700 /* HumanCharacter.swift in Sources */,
				0F37737422BCCAE0002D7700 /* Human.swift in Sources */,
				0F37735F22BCC200002D7700 /* Character.swift in Sources */,
				0F37736522BCC493002D7700 /* GammaRadiated.swift in Sources */,
				0F37737C22BCD810002D7700 /* CharacterConstants.swift in Sources */,
				0F37736C22BCC660002D7700 /* Alien.swift in Sources */,
				0F37736E22BCC7AD002D7700 /* BeastCharacter.swift in Sources */,
			);
			runOnlyForDeploymentPostprocessing = 0;
		};
/* End PBXSourcesBuildPhase section */

/* Begin XCBuildConfiguration section */
		0F37735822BCC1AF002D7700 /* Debug */ = {
			isa = XCBuildConfiguration;
			buildSettings = {
				ALWAYS_SEARCH_USER_PATHS = NO;
				CLANG_ANALYZER_NONNULL = YES;
				CLANG_ANALYZER_NUMBER_OBJECT_CONVERSION = YES_AGGRESSIVE;
				CLANG_CXX_LANGUAGE_STANDARD = "gnu++14";
				CLANG_CXX_LIBRARY = "libc++";
				CLANG_ENABLE_MODULES = YES;
				CLANG_ENABLE_OBJC_ARC = YES;
				CLANG_ENABLE_OBJC_WEAK = YES;
				CLANG_WARN_BLOCK_CAPTURE_AUTORELEASING = YES;
				CLANG_WARN_BOOL_CONVERSION = YES;
				CLANG_WARN_COMMA = YES;
				CLANG_WARN_CONSTANT_CONVERSION = YES;
				CLANG_WARN_DEPRECATED_OBJC_IMPLEMENTATIONS = YES;
				CLANG_WARN_DIRECT_OBJC_ISA_USAGE = YES_ERROR;
				CLANG_WARN_DOCUMENTATION_COMMENTS = YES;
				CLANG_WARN_EMPTY_BODY = YES;
				CLANG_WARN_ENUM_CONVERSION = YES;
				CLANG_WARN_INFINITE_RECURSION = YES;
				CLANG_WARN_INT_CONVERSION = YES;
				CLANG_WARN_NON_LITERAL_NULL_CONVERSION = YES;
				CLANG_WARN_OBJC_IMPLICIT_RETAIN_SELF = YES;
				CLANG_WARN_OBJC_LITERAL_CONVERSION = YES;
				CLANG_WARN_OBJC_ROOT_CLASS = YES_ERROR;
				CLANG_WARN_RANGE_LOOP_ANALYSIS = YES;
				CLANG_WARN_STRICT_PROTOTYPES = YES;
				CLANG_WARN_SUSPICIOUS_MOVE = YES;
				CLANG_WARN_UNGUARDED_AVAILABILITY = YES_AGGRESSIVE;
				CLANG_WARN_UNREACHABLE_CODE = YES;
				CLANG_WARN__DUPLICATE_METHOD_MATCH = YES;
				CODE_SIGN_IDENTITY = "-";
				COPY_PHASE_STRIP = NO;
				DEBUG_INFORMATION_FORMAT = dwarf;
				ENABLE_STRICT_OBJC_MSGSEND = YES;
				ENABLE_TESTABILITY = YES;
				GCC_C_LANGUAGE_STANDARD = gnu11;
				GCC_DYNAMIC_NO_PIC = NO;
				GCC_NO_COMMON_BLOCKS = YES;
				GCC_OPTIMIZATION_LEVEL = 0;
				GCC_PREPROCESSOR_DEFINITIONS = (
					"DEBUG=1",
					"$(inherited)",
				);
				GCC_WARN_64_TO_32_BIT_CONVERSION = YES;
				GCC_WARN_ABOUT_RETURN_TYPE = YES_ERROR;
				GCC_WARN_UNDECLARED_SELECTOR = YES;
				GCC_WARN_UNINITIALIZED_AUTOS = YES_AGGRESSIVE;
				GCC_WARN_UNUSED_FUNCTION = YES;
				GCC_WARN_UNUSED_VARIABLE = YES;
				MACOSX_DEPLOYMENT_TARGET = 10.14;
				MTL_ENABLE_DEBUG_INFO = INCLUDE_SOURCE;
				MTL_FAST_MATH = YES;
				ONLY_ACTIVE_ARCH = YES;
				SDKROOT = macosx;
				SWIFT_ACTIVE_COMPILATION_CONDITIONS = DEBUG;
				SWIFT_OPTIMIZATION_LEVEL = "-Onone";
			};
			name = Debug;
		};
		0F37735922BCC1AF002D7700 /* Release */ = {
			isa = XCBuildConfiguration;
			buildSettings = {
				ALWAYS_SEARCH_USER_PATHS = NO;
				CLANG_ANALYZER_NONNULL = YES;
				CLANG_ANALYZER_NUMBER_OBJECT_CONVERSION = YES_AGGRESSIVE;
				CLANG_CXX_LANGUAGE_STANDARD = "gnu++14";
				CLANG_CXX_LIBRARY = "libc++";
				CLANG_ENABLE_MODULES = YES;
				CLANG_ENABLE_OBJC_ARC = YES;
				CLANG_ENABLE_OBJC_WEAK = YES;
				CLANG_WARN_BLOCK_CAPTURE_AUTORELEASING = YES;
				CLANG_WARN_BOOL_CONVERSION = YES;
				CLANG_WARN_COMMA = YES;
				CLANG_WARN_CONSTANT_CONVERSION = YES;
				CLANG_WARN_DEPRECATED_OBJC_IMPLEMENTATIONS = YES;
				CLANG_WARN_DIRECT_OBJC_ISA_USAGE = YES_ERROR;
				CLANG_WARN_DOCUMENTATION_COMMENTS = YES;
				CLANG_WARN_EMPTY_BODY = YES;
				CLANG_WARN_ENUM_CONVERSION = YES;
				CLANG_WARN_INFINITE_RECURSION = YES;
				CLANG_WARN_INT_CONVERSION = YES;
				CLANG_WARN_NON_LITERAL_NULL_CONVERSION = YES;
				CLANG_WARN_OBJC_IMPLICIT_RETAIN_SELF = YES;
				CLANG_WARN_OBJC_LITERAL_CONVERSION = YES;
				CLANG_WARN_OBJC_ROOT_CLASS = YES_ERROR;
				CLANG_WARN_RANGE_LOOP_ANALYSIS = YES;
				CLANG_WARN_STRICT_PROTOTYPES = YES;
				CLANG_WARN_SUSPICIOUS_MOVE = YES;
				CLANG_WARN_UNGUARDED_AVAILABILITY = YES_AGGRESSIVE;
				CLANG_WARN_UNREACHABLE_CODE = YES;
				CLANG_WARN__DUPLICATE_METHOD_MATCH = YES;
				CODE_SIGN_IDENTITY = "-";
				COPY_PHASE_STRIP = NO;
				DEBUG_INFORMATION_FORMAT = "dwarf-with-dsym";
				ENABLE_NS_ASSERTIONS = NO;
				ENABLE_STRICT_OBJC_MSGSEND = YES;
				GCC_C_LANGUAGE_STANDARD = gnu11;
				GCC_NO_COMMON_BLOCKS = YES;
				GCC_WARN_64_TO_32_BIT_CONVERSION = YES;
				GCC_WARN_ABOUT_RETURN_TYPE = YES_ERROR;
				GCC_WARN_UNDECLARED_SELECTOR = YES;
				GCC_WARN_UNINITIALIZED_AUTOS = YES_AGGRESSIVE;
				GCC_WARN_UNUSED_FUNCTION = YES;
				GCC_WARN_UNUSED_VARIABLE = YES;
				MACOSX_DEPLOYMENT_TARGET = 10.14;
				MTL_ENABLE_DEBUG_INFO = NO;
				MTL_FAST_MATH = YES;
				SDKROOT = macosx;
				SWIFT_COMPILATION_MODE = wholemodule;
				SWIFT_OPTIMIZATION_LEVEL = "-O";
			};
			name = Release;
		};
		0F37735B22BCC1AF002D7700 /* Debug */ = {
			isa = XCBuildConfiguration;
			buildSettings = {
				CODE_SIGN_STYLE = Automatic;
				PRODUCT_NAME = "$(TARGET_NAME)";
				SWIFT_VERSION = 4.2;
			};
			name = Debug;
		};
		0F37735C22BCC1AF002D7700 /* Release */ = {
			isa = XCBuildConfiguration;
			buildSettings = {
				CODE_SIGN_STYLE = Automatic;
				PRODUCT_NAME = "$(TARGET_NAME)";
				SWIFT_VERSION = 4.2;
			};
			name = Release;
		};
/* End XCBuildConfiguration section */

/* Begin XCConfigurationList section */
		0F37734E22BCC1AF002D7700 /* Build configuration list for PBXProject "MarvelOO" */ = {
			isa = XCConfigurationList;
			buildConfigurations = (
				0F37735822BCC1AF002D7700 /* Debug */,
				0F37735922BCC1AF002D7700 /* Release */,
			);
			defaultConfigurationIsVisible = 0;
			defaultConfigurationName = Release;
		};
		0F37735A22BCC1AF002D7700 /* Build configuration list for PBXNativeTarget "MarvelOO" */ = {
			isa = XCConfigurationList;
			buildConfigurations = (
				0F37735B22BCC1AF002D7700 /* Debug */,
				0F37735C22BCC1AF002D7700 /* Release */,
			);
			defaultConfigurationIsVisible = 0;
			defaultConfigurationName = Release;
		};
/* End XCConfigurationList section */
	};
	rootObject = 0F37734B22BCC1AF002D7700 /* Project object */;
}
